
Microsoft Visual Studio Solution File, Format Version 12.00
# Visual Studio Version 17
VisualStudioVersion = 17.10.35004.147
MinimumVisualStudioVersion = 10.0.40219.1
Project("{FAE04EC0-301F-11D3-BF4B-00C04F79EFBC}") = "C#WebAPI_1", "C#WebAPI_1.csproj", "{239CDC6C-1EEA-4D65-85A9-A39CF2EE5530}"
EndProject
Global
	GlobalSection(SolutionConfigurationPlatforms) = preSolution
		Debug|Any CPU = Debug|Any CPU
		Release|Any CPU = Release|Any CPU
	EndGlobalSection
	GlobalSection(ProjectConfigurationPlatforms) = postSolution
		{239CDC6C-1EEA-4D65-85A9-A39CF2EE5530}.Debug|Any CPU.ActiveCfg = Debug|Any CPU
		{239CDC6C-1EEA-4D65-85A9-A39CF2EE5530}.Debug|Any CPU.Build.0 = Debug|Any CPU
		{239CDC6C-1EEA-4D65-85A9-A39CF2EE5530}.Release|Any CPU.ActiveCfg = Release|Any CPU
		{239CDC6C-1EEA-4D65-85A9-A39CF2EE5530}.Release|Any CPU.Build.0 = Release|Any CPU
	EndGlobalSection
	GlobalSection(SolutionProperties) = preSolution
		HideSolutionNode = FALSE
	EndGlobalSection
	GlobalSection(ExtensibilityGlobals) = postSolution
		SolutionGuid = {BF6DDC55-A014-474D-9F4F-0C51C2A65632}
	EndGlobalSection
EndGlobal
